// !$*UTF8*$!
{
	archiveVersion = 1;
	classes = {
	};
	objectVersion = 56;
	objects = {

/* Begin PBXBuildFile section */
		BA5C418E2A69A75400EE41CA /* AppDelegate.swift in Sources */ = {isa = PBXBuildFile; fileRef = BA5C418D2A69A75400EE41CA /* AppDelegate.swift */; };
		BA5C41902A69A75400EE41CA /* SceneDelegate.swift in Sources */ = {isa = PBXBuildFile; fileRef = BA5C418F2A69A75400EE41CA /* SceneDelegate.swift */; };
		BA5C41922A69A75400EE41CA /* ViewController.swift in Sources */ = {isa = PBXBuildFile; fileRef = BA5C41912A69A75400EE41CA /* ViewController.swift */; };
		BA5C41952A69A75400EE41CA /* Main.storyboard in Resources */ = {isa = PBXBuildFile; fileRef = BA5C41932A69A75400EE41CA /* Main.storyboard */; };
		BA5C41972A69A75500EE41CA /* Assets.xcassets in Resources */ = {isa = PBXBuildFile; fileRef = BA5C41962A69A75500EE41CA /* Assets.xcassets */; };
		BA5C419A2A69A75500EE41CA /* LaunchScreen.storyboard in Resources */ = {isa = PBXBuildFile; fileRef = BA5C41982A69A75500EE41CA /* LaunchScreen.storyboard */; };
		BA5C41A22A69A90800EE41CA /* InfoViewController.swift in Sources */ = {isa = PBXBuildFile; fileRef = BA5C41A12A69A90800EE41CA /* InfoViewController.swift */; };
		BA5C41A42A69A93200EE41CA /* Enum.swift in Sources */ = {isa = PBXBuildFile; fileRef = BA5C41A32A69A93200EE41CA /* Enum.swift */; };
/* End PBXBuildFile section */

/* Begin PBXFileReference section */
		BA5C418A2A69A75400EE41CA /* Cities_Navigation1.app */ = {isa = PBXFileReference; explicitFileType = wrapper.application; includeInIndex = 0; path = Cities_Navigation1.app; sourceTree = BUILT_PRODUCTS_DIR; };
		BA5C418D2A69A75400EE41CA /* AppDelegate.swift */ = {isa = PBXFileReference; lastKnownFileType = sourcecode.swift; path = AppDelegate.swift; sourceTree = "<group>"; };
		BA5C418F2A69A75400EE41CA /* SceneDelegate.swift */ = {isa = PBXFileReference; lastKnownFileType = sourcecode.swift; path = SceneDelegate.swift; sourceTree = "<group>"; };
		BA5C41912A69A75400EE41CA /* ViewController.swift */ = {isa = PBXFileReference; lastKnownFileType = sourcecode.swift; path = ViewController.swift; sourceTree = "<group>"; };
		BA5C41942A69A75400EE41CA /* Base */ = {isa = PBXFileReference; lastKnownFileType = file.storyboard; name = Base; path = Base.lproj/Main.storyboard; sourceTree = "<group>"; };
		BA5C41962A69A75500EE41CA /* Assets.xcassets */ = {isa = PBXFileReference; lastKnownFileType = folder.assetcatalog; path = Assets.xcassets; sourceTree = "<group>"; };
		BA5C41992A69A75500EE41CA /* Base */ = {isa = PBXFileReference; lastKnownFileType = file.storyboard; name = Base; path = Base.lproj/LaunchScreen.storyboard; sourceTree = "<group>"; };
		BA5C419B2A69A75500EE41CA /* Info.plist */ = {isa = PBXFileReference; lastKnownFileType = text.plist.xml; path = Info.plist; sourceTree = "<group>"; };
		BA5C41A12A69A90800EE41CA /* InfoViewController.swift */ = {isa = PBXFileReference; lastKnownFileType = sourcecode.swift; path = InfoViewController.swift; sourceTree = "<group>"; };
		BA5C41A32A69A93200EE41CA /* Enum.swift */ = {isa = PBXFileReference; lastKnownFileType = sourcecode.swift; path = Enum.swift; sourceTree = "<group>"; };
/* End PBXFileReference section */

/* Begin PBXFrameworksBuildPhase section */
		BA5C41872A69A75400EE41CA /* Frameworks */ = {
			isa = PBXFrameworksBuildPhase;
			buildActionMask = 2147483647;
			files = (
			);
			runOnlyForDeploymentPostprocessing = 0;
		};
/* End PBXFrameworksBuildPhase section */

/* Begin PBXGroup section */
		BA5C41812A69A75400EE41CA = {
			isa = PBXGroup;
			children = (
				BA5C418C2A69A75400EE41CA /* Cities_Navigation1 */,
				BA5C418B2A69A75400EE41CA /* Products */,
			);
			sourceTree = "<group>";
		};
		BA5C418B2A69A75400EE41CA /* Products */ = {
			isa = PBXGroup;
			children = (
				BA5C418A2A69A75400EE41CA /* Cities_Navigation1.app */,
			);
			name = Products;
			sourceTree = "<group>";
		};
		BA5C418C2A69A75400EE41CA /* Cities_Navigation1 */ = {
			isa = PBXGroup;
			children = (
				BA5C418D2A69A75400EE41CA /* AppDelegate.swift */,
				BA5C418F2A69A75400EE41CA /* SceneDelegate.swift */,
				BA5C41A32A69A93200EE41CA /* Enum.swift */,
				BA5C41912A69A75400EE41CA /* ViewController.swift */,
				BA5C41A12A69A90800EE41CA /* InfoViewController.swift */,
				BA5C41932A69A75400EE41CA /* Main.storyboard */,
				BA5C41962A69A75500EE41CA /* Assets.xcassets */,
				BA5C41982A69A75500EE41CA /* LaunchScreen.storyboard */,
				BA5C419B2A69A75500EE41CA /* Info.plist */,
			);
			path = Cities_Navigation1;
			sourceTree = "<group>";
		};
/* End PBXGroup section */

/* Begin PBXNativeTarget section */
		BA5C41892A69A75400EE41CA /* Cities_Navigation1 */ = {
			isa = PBXNativeTarget;
			buildConfigurationList = BA5C419E2A69A75500EE41CA /* Build configuration list for PBXNativeTarget "Cities_Navigation1" */;
			buildPhases = (
				BA5C41862A69A75400EE41CA /* Sources */,
				BA5C41872A69A75400EE41CA /* Frameworks */,
				BA5C41882A69A75400EE41CA /* Resources */,
			);
			buildRules = (
			);
			dependencies = (
			);
			name = Cities_Navigation1;
			productName = Cities_Navigation1;
			productReference = BA5C418A2A69A75400EE41CA /* Cities_Navigation1.app */;
			productType = "com.apple.product-type.application";
		};
/* End PBXNativeTarget section */

/* Begin PBXProject section */
		BA5C41822A69A75400EE41CA /* Project object */ = {
			isa = PBXProject;
			attributes = {
				BuildIndependentTargetsInParallel = 1;
				LastSwiftUpdateCheck = 1430;
				LastUpgradeCheck = 1430;
				TargetAttributes = {
					BA5C41892A69A75400EE41CA = {
						CreatedOnToolsVersion = 14.3.1;
					};
				};
			};
			buildConfigurationList = BA5C41852A69A75400EE41CA /* Build configuration list for PBXProject "Cities_Navigation1" */;
			compatibilityVersion = "Xcode 14.0";
			developmentRegion = en;
			hasScannedForEncodings = 0;
			knownRegions = (
				en,
				Base,
			);
			mainGroup = BA5C41812A69A75400EE41CA;
			productRefGroup = BA5C418B2A69A75400EE41CA /* Products */;
			projectDirPath = "";
			projectRoot = "";
			targets = (
				BA5C41892A69A75400EE41CA /* Cities_Navigation1 */,
			);
		};
/* End PBXProject section */

/* Begin PBXResourcesBuildPhase section */
		BA5C41882A69A75400EE41CA /* Resources */ = {
			isa = PBXResourcesBuildPhase;
			buildActionMask = 2147483647;
			files = (
				BA5C419A2A69A75500EE41CA /* LaunchScreen.storyboard in Resources */,
				BA5C41972A69A75500EE41CA /* Assets.xcassets in Resources */,
				BA5C41952A69A75400EE41CA /* Main.storyboard in Resources */,
			);
			runOnlyForDeploymentPostprocessing = 0;
		};
/* End PBXResourcesBuildPhase section */

/* Begin PBXSourcesBuildPhase section */
		BA5C41862A69A75400EE41CA /* Sources */ = {
			isa = PBXSourcesBuildPhase;
			buildActionMask = 2147483647;
			files = (
				BA5C41922A69A75400EE41CA /* ViewController.swift in Sources */,
				BA5C418E2A69A75400EE41CA /* AppDelegate.swift in Sources */,
				BA5C41A22A69A90800EE41CA /* InfoViewController.swift in Sources */,
				BA5C41A42A69A93200EE41CA /* Enum.swift in Sources */,
				BA5C41902A69A75400EE41CA /* SceneDelegate.swift in Sources */,
			);
			runOnlyForDeploymentPostprocessing = 0;
		};
/* End PBXSourcesBuildPhase section */

/* Begin PBXVariantGroup section */
		BA5C41932A69A75400EE41CA /* Main.storyboard */ = {
			isa = PBXVariantGroup;
			children = (
				BA5C41942A69A75400EE41CA /* Base */,
			);
			name = Main.storyboard;
			sourceTree = "<group>";
		};
		BA5C41982A69A75500EE41CA /* LaunchScreen.storyboard */ = {
			isa = PBXVariantGroup;
			children = (
				BA5C41992A69A75500EE41CA /* Base */,
			);
			name = LaunchScreen.storyboard;
			sourceTree = "<group>";
		};
/* End PBXVariantGroup section */

/* Begin XCBuildConfiguration section */
		BA5C419C2A69A75500EE41CA /* Debug */ = {
			isa = XCBuildConfiguration;
			buildSettings = {
				ALWAYS_SEARCH_USER_PATHS = NO;
				CLANG_ANALYZER_NONNULL = YES;
				CLANG_ANALYZER_NUMBER_OBJECT_CONVERSION = YES_AGGRESSIVE;
				CLANG_CXX_LANGUAGE_STANDARD = "gnu++20";
				CLANG_ENABLE_MODULES = YES;
				CLANG_ENABLE_OBJC_ARC = YES;
				CLANG_ENABLE_OBJC_WEAK = YES;
				CLANG_WARN_BLOCK_CAPTURE_AUTORELEASING = YES;
				CLANG_WARN_BOOL_CONVERSION = YES;
				CLANG_WARN_COMMA = YES;
				CLANG_WARN_CONSTANT_CONVERSION = YES;
				CLANG_WARN_DEPRECATED_OBJC_IMPLEMENTATIONS = YES;
				CLANG_WARN_DIRECT_OBJC_ISA_USAGE = YES_ERROR;
				CLANG_WARN_DOCUMENTATION_COMMENTS = YES;
				CLANG_WARN_EMPTY_BODY = YES;
				CLANG_WARN_ENUM_CONVERSION = YES;
				CLANG_WARN_INFINITE_RECURSION = YES;
				CLANG_WARN_INT_CONVERSION = YES;
				CLANG_WARN_NON_LITERAL_NULL_CONVERSION = YES;
				CLANG_WARN_OBJC_IMPLICIT_RETAIN_SELF = YES;
				CLANG_WARN_OBJC_LITERAL_CONVERSION = YES;
				CLANG_WARN_OBJC_ROOT_CLASS = YES_ERROR;
				CLANG_WARN_QUOTED_INCLUDE_IN_FRAMEWORK_HEADER = YES;
				CLANG_WARN_RANGE_LOOP_ANALYSIS = YES;
				CLANG_WARN_STRICT_PROTOTYPES = YES;
				CLANG_WARN_SUSPICIOUS_MOVE = YES;
				CLANG_WARN_UNGUARDED_AVAILABILITY = YES_AGGRESSIVE;
				CLANG_WARN_UNREACHABLE_CODE = YES;
				CLANG_WARN__DUPLICATE_METHOD_MATCH = YES;
				COPY_PHASE_STRIP = NO;
				DEBUG_INFORMATION_FORMAT = dwarf;
				ENABLE_STRICT_OBJC_MSGSEND = YES;
				ENABLE_TESTABILITY = YES;
				GCC_C_LANGUAGE_STANDARD = gnu11;
				GCC_DYNAMIC_NO_PIC = NO;
				GCC_NO_COMMON_BLOCKS = YES;
				GCC_OPTIMIZATION_LEVEL = 0;
				GCC_PREPROCESSOR_DEFINITIONS = (
					"DEBUG=1",
					"$(inherited)",
				);
				GCC_WARN_64_TO_32_BIT_CONVERSION = YES;
				GCC_WARN_ABOUT_RETURN_TYPE = YES_ERROR;
				GCC_WARN_UNDECLARED_SELECTOR = YES;
				GCC_WARN_UNINITIALIZED_AUTOS = YES_AGGRESSIVE;
				GCC_WARN_UNUSED_FUNCTION = YES;
				GCC_WARN_UNUSED_VARIABLE = YES;
				IPHONEOS_DEPLOYMENT_TARGET = 16.4;
				MTL_ENABLE_DEBUG_INFO = INCLUDE_SOURCE;
				MTL_FAST_MATH = YES;
				ONLY_ACTIVE_ARCH = YES;
				SDKROOT = iphoneos;
				SWIFT_ACTIVE_COMPILATION_CONDITIONS = DEBUG;
				SWIFT_OPTIMIZATION_LEVEL = "-Onone";
			};
			name = Debug;
		};
		BA5C419D2A69A75500EE41CA /* Release */ = {
			isa = XCBuildConfiguration;
			buildSettings = {
				ALWAYS_SEARCH_USER_PATHS = NO;
				CLANG_ANALYZER_NONNULL = YES;
				CLANG_ANALYZER_NUMBER_OBJECT_CONVERSION = YES_AGGRESSIVE;
				CLANG_CXX_LANGUAGE_STANDARD = "gnu++20";
				CLANG_ENABLE_MODULES = YES;
				CLANG_ENABLE_OBJC_ARC = YES;
				CLANG_ENABLE_OBJC_WEAK = YES;
				CLANG_WARN_BLOCK_CAPTURE_AUTORELEASING = YES;
				CLANG_WARN_BOOL_CONVERSION = YES;
				CLANG_WARN_COMMA = YES;
				CLANG_WARN_CONSTANT_CONVERSION = YES;
				CLANG_WARN_DEPRECATED_OBJC_IMPLEMENTATIONS = YES;
				CLANG_WARN_DIRECT_OBJC_ISA_USAGE = YES_ERROR;
				CLANG_WARN_DOCUMENTATION_COMMENTS = YES;
				CLANG_WARN_EMPTY_BODY = YES;
				CLANG_WARN_ENUM_CONVERSION = YES;
				CLANG_WARN_INFINITE_RECURSION = YES;
				CLANG_WARN_INT_CONVERSION = YES;
				CLANG_WARN_NON_LITERAL_NULL_CONVERSION = YES;
				CLANG_WARN_OBJC_IMPLICIT_RETAIN_SELF = YES;
				CLANG_WARN_OBJC_LITERAL_CONVERSION = YES;
				CLANG_WARN_OBJC_ROOT_CLASS = YES_ERROR;
				CLANG_WARN_QUOTED_INCLUDE_IN_FRAMEWORK_HEADER = YES;
				CLANG_WARN_RANGE_LOOP_ANALYSIS = YES;
				CLANG_WARN_STRICT_PROTOTYPES = YES;
				CLANG_WARN_SUSPICIOUS_MOVE = YES;
				CLANG_WARN_UNGUARDED_AVAILABILITY = YES_AGGRESSIVE;
				CLANG_WARN_UNREACHABLE_CODE = YES;
				CLANG_WARN__DUPLICATE_METHOD_MATCH = YES;
				COPY_PHASE_STRIP = NO;
				DEBUG_INFORMATION_FORMAT = "dwarf-with-dsym";
				ENABLE_NS_ASSERTIONS = NO;
				ENABLE_STRICT_OBJC_MSGSEND = YES;
				GCC_C_LANGUAGE_STANDARD = gnu11;
				GCC_NO_COMMON_BLOCKS = YES;
				GCC_WARN_64_TO_32_BIT_CONVERSION = YES;
				GCC_WARN_ABOUT_RETURN_TYPE = YES_ERROR;
				GCC_WARN_UNDECLARED_SELECTOR = YES;
				GCC_WARN_UNINITIALIZED_AUTOS = YES_AGGRESSIVE;
				GCC_WARN_UNUSED_FUNCTION = YES;
				GCC_WARN_UNUSED_VARIABLE = YES;
				IPHONEOS_DEPLOYMENT_TARGET = 16.4;
				MTL_ENABLE_DEBUG_INFO = NO;
				MTL_FAST_MATH = YES;
				SDKROOT = iphoneos;
				SWIFT_COMPILATION_MODE = wholemodule;
				SWIFT_OPTIMIZATION_LEVEL = "-O";
				VALIDATE_PRODUCT = YES;
			};
			name = Release;
		};
		BA5C419F2A69A75500EE41CA /* Debug */ = {
			isa = XCBuildConfiguration;
			buildSettings = {
				ASSETCATALOG_COMPILER_APPICON_NAME = AppIcon;
				ASSETCATALOG_COMPILER_GLOBAL_ACCENT_COLOR_NAME = AccentColor;
				CODE_SIGN_STYLE = Automatic;
				CURRENT_PROJECT_VERSION = 1;
				DEVELOPMENT_TEAM = L4H488SRYA;
				GENERATE_INFOPLIST_FILE = YES;
				INFOPLIST_FILE = Cities_Navigation1/Info.plist;
				INFOPLIST_KEY_UIApplicationSupportsIndirectInputEvents = YES;
				INFOPLIST_KEY_UILaunchStoryboardName = LaunchScreen;
				INFOPLIST_KEY_UIMainStoryboardFile = Main;
				INFOPLIST_KEY_UISupportedInterfaceOrientations_iPad = "UIInterfaceOrientationPortrait UIInterfaceOrientationPortraitUpsideDown UIInterfaceOrientationLandscapeLeft UIInterfaceOrientationLandscapeRight";
				INFOPLIST_KEY_UISupportedInterfaceOrientations_iPhone = "UIInterfaceOrientationPortrait UIInterfaceOrientationLandscapeLeft UIInterfaceOrientationLandscapeRight";
				LD_RUNPATH_SEARCH_PATHS = (
					"$(inherited)",
					"@executable_path/Frameworks",
				);
				MARKETING_VERSION = 1.0;
				PRODUCT_BUNDLE_IDENTIFIER = "Pride.Cities-Navigation1";
				PRODUCT_NAME = "$(TARGET_NAME)";
				SWIFT_EMIT_LOC_STRINGS = YES;
				SWIFT_VERSION = 5.0;
				TARGETED_DEVICE_FAMILY = "1,2";
			};
			name = Debug;
		};
		BA5C41A02A69A75500EE41CA /* Release */ = {
			isa = XCBuildConfiguration;
			buildSettings = {
				ASSETCATALOG_COMPILER_APPICON_NAME = AppIcon;
				ASSETCATALOG_COMPILER_GLOBAL_ACCENT_COLOR_NAME = AccentColor;
				CODE_SIGN_STYLE = Automatic;
				CURRENT_PROJECT_VERSION = 1;
				DEVELOPMENT_TEAM = L4H488SRYA;
				GENERATE_INFOPLIST_FILE = YES;
				INFOPLIST_FILE = Cities_Navigation1/Info.plist;
				INFOPLIST_KEY_UIApplicationSupportsIndirectInputEvents = YES;
				INFOPLIST_KEY_UILaunchStoryboardName = LaunchScreen;
				INFOPLIST_KEY_UIMainStoryboardFile = Main;
				INFOPLIST_KEY_UISupportedInterfaceOrientations_iPad = "UIInterfaceOrientationPortrait UIInterfaceOrientationPortraitUpsideDown UIInterfaceOrientationLandscapeLeft UIInterfaceOrientationLandscapeRight";
				INFOPLIST_KEY_UISupportedInterfaceOrientations_iPhone = "UIInterfaceOrientationPortrait UIInterfaceOrientationLandscapeLeft UIInterfaceOrientationLandscapeRight";
				LD_RUNPATH_SEARCH_PATHS = (
					"$(inherited)",
					"@executable_path/Frameworks",
				);
				MARKETING_VERSION = 1.0;
				PRODUCT_BUNDLE_IDENTIFIER = "Pride.Cities-Navigation1";
				PRODUCT_NAME = "$(TARGET_NAME)";
				SWIFT_EMIT_LOC_STRINGS = YES;
				SWIFT_VERSION = 5.0;
				TARGETED_DEVICE_FAMILY = "1,2";
			};
			name = Release;
		};
/* End XCBuildConfiguration section */

/* Begin XCConfigurationList section */
		BA5C41852A69A75400EE41CA /* Build configuration list for PBXProject "Cities_Navigation1" */ = {
			isa = XCConfigurationList;
			buildConfigurations = (
				BA5C419C2A69A75500EE41CA /* Debug */,
				BA5C419D2A69A75500EE41CA /* Release */,
			);
			defaultConfigurationIsVisible = 0;
			defaultConfigurationName = Release;
		};
		BA5C419E2A69A75500EE41CA /* Build configuration list for PBXNativeTarget "Cities_Navigation1" */ = {
			isa = XCConfigurationList;
			buildConfigurations = (
				BA5C419F2A69A75500EE41CA /* Debug */,
				BA5C41A02A69A75500EE41CA /* Release */,
			);
			defaultConfigurationIsVisible = 0;
			defaultConfigurationName = Release;
		};
/* End XCConfigurationList section */
	};
	rootObject = BA5C41822A69A75400EE41CA /* Project object */;
}
